
Microsoft Visual Studio Solution File, Format Version 12.00
# Visual Studio Version 17
VisualStudioVersion = 17.3.32922.545
MinimumVisualStudioVersion = 10.0.40219.1
Project("{FAE04EC0-301F-11D3-BF4B-00C04F79EFBC}") = "VeggiFoodAPI", "VeggiFoodAPI\VeggiFoodAPI.csproj", "{904C31B5-2C59-4946-B9C0-786D9FB58A6D}"
EndProject
Global
	GlobalSection(SolutionConfigurationPlatforms) = preSolution
		Debug|Any CPU = Debug|Any CPU
		Release|Any CPU = Release|Any CPU
	EndGlobalSection
	GlobalSection(ProjectConfigurationPlatforms) = postSolution
		{904C31B5-2C59-4946-B9C0-786D9FB58A6D}.Debug|Any CPU.ActiveCfg = Debug|Any CPU
		{904C31B5-2C59-4946-B9C0-786D9FB58A6D}.Debug|Any CPU.Build.0 = Debug|Any CPU
		{904C31B5-2C59-4946-B9C0-786D9FB58A6D}.Release|Any CPU.ActiveCfg = Release|Any CPU
		{904C31B5-2C59-4946-B9C0-786D9FB58A6D}.Release|Any CPU.Build.0 = Release|Any CPU
	EndGlobalSection
	GlobalSection(SolutionProperties) = preSolution
		HideSolutionNode = FALSE
	EndGlobalSection
	GlobalSection(ExtensibilityGlobals) = postSolution
		SolutionGuid = {75C5DF7F-E39A-430A-A615-E4B9EF84C1B2}
	EndGlobalSection
EndGlobal
